
Microsoft Visual Studio Solution File, Format Version 12.00
# Visual Studio Version 17
VisualStudioVersion = 17.11.35312.102
MinimumVisualStudioVersion = 10.0.40219.1
Project("{FAE04EC0-301F-11D3-BF4B-00C04F79EFBC}") = "API", "API\API.csproj", "{9DA38DA7-235F-41C7-8765-E35D7EDE3FC4}"
EndProject
Project("{FAE04EC0-301F-11D3-BF4B-00C04F79EFBC}") = "WebAssembly", "WebAssembly\WebAssembly.csproj", "{BDCA5020-BB95-425A-AB34-4BCB87E7D9FC}"
EndProject
Global
	GlobalSection(SolutionConfigurationPlatforms) = preSolution
		Debug|Any CPU = Debug|Any CPU
		Release|Any CPU = Release|Any CPU
	EndGlobalSection
	GlobalSection(ProjectConfigurationPlatforms) = postSolution
		{9DA38DA7-235F-41C7-8765-E35D7EDE3FC4}.Debug|Any CPU.ActiveCfg = Debug|Any CPU
		{9DA38DA7-235F-41C7-8765-E35D7EDE3FC4}.Debug|Any CPU.Build.0 = Debug|Any CPU
		{9DA38DA7-235F-41C7-8765-E35D7EDE3FC4}.Release|Any CPU.ActiveCfg = Release|Any CPU
		{9DA38DA7-235F-41C7-8765-E35D7EDE3FC4}.Release|Any CPU.Build.0 = Release|Any CPU
		{BDCA5020-BB95-425A-AB34-4BCB87E7D9FC}.Debug|Any CPU.ActiveCfg = Debug|Any CPU
		{BDCA5020-BB95-425A-AB34-4BCB87E7D9FC}.Debug|Any CPU.Build.0 = Debug|Any CPU
		{BDCA5020-BB95-425A-AB34-4BCB87E7D9FC}.Release|Any CPU.ActiveCfg = Release|Any CPU
		{BDCA5020-BB95-425A-AB34-4BCB87E7D9FC}.Release|Any CPU.Build.0 = Release|Any CPU
	EndGlobalSection
	GlobalSection(SolutionProperties) = preSolution
		HideSolutionNode = FALSE
	EndGlobalSection
	GlobalSection(ExtensibilityGlobals) = postSolution
		SolutionGuid = {A1A89D93-64F9-4A44-B0CE-7FDAD0368F03}
	EndGlobalSection
EndGlobal
